{
  "name": "homebridge-broadlink-platform-outlet",
  "version": "0.1.1",
  "lockfileVersion": 1,
  "requires": true,
  "dependencies": {
    "@types/node": {
      "version": "7.10.11",
      "resolved": "https://registry.npmjs.org/@types/node/-/node-7.10.11.tgz",
      "integrity": "sha512-uEqP1HlJFhsgD8DOBFdC72/5selvor0mzdQY97zlyo8Q6qPl849cFBWkNpgTXw3jIvb7iNyWsId51/A8HYKzbQ=="
    },
    "broadlinkjs-sm": {
      "version": "0.1.5",
      "resolved": "https://registry.npmjs.org/broadlinkjs-sm/-/broadlinkjs-sm-0.1.5.tgz",
      "integrity": "sha1-i0anQ+n/VfrgFpJzi8KptKzkdNs=",
      "requires": {
        "@types/node": "^7.0.5"
      }
    }
  }
}
