{
  "name": "homebridge-broadlink-platform-outlet",
  "version": "0.1.8",
  "lockfileVersion": 2,
  "requires": true,
  "packages": {
    "": {
      "name": "homebridge-broadlink-platform-outlet",
      "version": "0.1.8",
      "license": "MIT",
      "dependencies": {
        "broadlinkjs-dw": ">=0.1.7"
      },
      "engines": {
        "homebridge": ">=1.3.0",
        "node": ">=12.0.0"
      }
    },
    "node_modules/@types/node": {
      "version": "7.10.14",
      "resolved": "https://registry.npmjs.org/@types/node/-/node-7.10.14.tgz",
      "integrity": "sha512-29GS75BE8asnTno3yB6ubOJOO0FboExEqNJy4bpz0GSmW/8wPTNL4h9h63c6s1uTrOopCmJYe/4yJLh5r92ZUA=="
    },
    "node_modules/broadlinkjs-dw": {
      "version": "0.1.7",
      "resolved": "https://registry.npmjs.org/broadlinkjs-dw/-/broadlinkjs-dw-0.1.7.tgz",
      "integrity": "sha512-jXU/vHxIemSVRJJgQjvkr67b8F5F4cZP2We2s9IHLGU9wTnjdoyJ9+XSTEovmycB2vL5rqiUYRjOA6XiwrA4Ww==",
      "dependencies": {
        "@types/node": "^7.0.5"
      }
    }
  },
  "dependencies": {
    "@types/node": {
      "version": "7.10.14",
      "resolved": "https://registry.npmjs.org/@types/node/-/node-7.10.14.tgz",
      "integrity": "sha512-29GS75BE8asnTno3yB6ubOJOO0FboExEqNJy4bpz0GSmW/8wPTNL4h9h63c6s1uTrOopCmJYe/4yJLh5r92ZUA=="
    },
    "broadlinkjs-dw": {
      "version": "0.1.7",
      "resolved": "https://registry.npmjs.org/broadlinkjs-dw/-/broadlinkjs-dw-0.1.7.tgz",
      "integrity": "sha512-jXU/vHxIemSVRJJgQjvkr67b8F5F4cZP2We2s9IHLGU9wTnjdoyJ9+XSTEovmycB2vL5rqiUYRjOA6XiwrA4Ww==",
      "requires": {
        "@types/node": "^7.0.5"
      }
    }
  }
}
