{
  "name": "homebridge-broadlink-platform-outlet",
  "version": "1.0.0",
  "lockfileVersion": 2,
  "requires": true,
  "packages": {
    "": {
      "name": "homebridge-broadlink-platform-outlet",
      "version": "1.0.0",
      "license": "MIT",
      "dependencies": {
        "broadlinkjs-dw": "github:dwaan/broadlinkjs"
      },
      "engines": {
        "homebridge": ">=1.3.0",
        "node": ">=12.0.0"
      }
    },
    "node_modules/@types/node": {
      "version": "7.10.14",
      "resolved": "https://registry.npmjs.org/@types/node/-/node-7.10.14.tgz",
      "integrity": "sha512-29GS75BE8asnTno3yB6ubOJOO0FboExEqNJy4bpz0GSmW/8wPTNL4h9h63c6s1uTrOopCmJYe/4yJLh5r92ZUA=="
    },
    "node_modules/broadlinkjs-dw": {
      "version": "0.1.7",
      "resolved": "git+ssh://git@github.com/dwaan/broadlinkjs.git#c32a687335a2375400e30e34576aa29b08403dd3",
      "license": "MIT",
      "dependencies": {
        "@types/node": "^7.0.5"
      }
    }
  },
  "dependencies": {
    "@types/node": {
      "version": "7.10.14",
      "resolved": "https://registry.npmjs.org/@types/node/-/node-7.10.14.tgz",
      "integrity": "sha512-29GS75BE8asnTno3yB6ubOJOO0FboExEqNJy4bpz0GSmW/8wPTNL4h9h63c6s1uTrOopCmJYe/4yJLh5r92ZUA=="
    },
    "broadlinkjs-dw": {
      "version": "git+ssh://git@github.com/dwaan/broadlinkjs.git#c32a687335a2375400e30e34576aa29b08403dd3",
      "from": "broadlinkjs-dw@github:dwaan/broadlinkjs",
      "requires": {
        "@types/node": "^7.0.5"
      }
    }
  }
}
